version: v2
locks:
  f/dentist_appointment/check_calendar_availability: 1e608daa173d6506ef2ddcdd71ccf1d6e2db9c8aa3c5916c2805d98c83e89e5e
  f/dentist_appointment/create_calendar_event: 4dc478a0f714155d5838f674ec0c9c3bf9b47af88a6b37e94fac0ebb7a1030f8
  f/dentist_appointment/dentist_appointment_flow__flow+__flow_hash: 44136fa355b3678a1146ad16f7e8649e94fb4fc21fe77e8310c060f61caaff8a
  f/dentist_appointment/extract_appointment: a0a0717c75aac597291b68997bec3cbc26431fdf383971ddef37c58c24fc1978
  f/dentist_appointment/generate_reply: e0a9268ab66a4427fbe747951130a8e57835d15c78e71c560d0c2a65ac2e69f5
  f/dentist_appointment/meta_verify: 9d3914eb79a3b1169c8990dd95369d197c722050bd74875b5ce8e5b3d1908047
  f/dentist_appointment/send_whatsapp: b3f35a0e55d723c9ed3874894586e45ab3f12bcfb5e1a82e00933ecad09e6beb
  f/dentist_appointment/verify_whatsapp_webhook: 431df8e98ba2441db531cebf9b7c58d95378a06b10f7278100d4cf447beaa1c5
