version: v2
locks:
  f/dentist_appointment/check_calendar_availability: ab6ab66cc384166a47a84e6aad34712a9af150a3c51c825d78d5b590c791c9b3
  f/dentist_appointment/create_calendar_event: 623913d130d6647c38d5d95c2c7b56c1937c70cb4389111c9df1d0d46b581233
  f/dentist_appointment/dentist_appointment_flow__flow+__flow_hash: 44136fa355b3678a1146ad16f7e8649e94fb4fc21fe77e8310c060f61caaff8a
  f/dentist_appointment/extract_appointment: a0a0717c75aac597291b68997bec3cbc26431fdf383971ddef37c58c24fc1978
  f/dentist_appointment/generate_reply: 12dc6394f62f456cb552fd56c9cd55b1da0c1115a5d9c555a735ee68110e65a6
  f/dentist_appointment/meta_verify: 9d3914eb79a3b1169c8990dd95369d197c722050bd74875b5ce8e5b3d1908047
  f/dentist_appointment/send_whatsapp: b3f35a0e55d723c9ed3874894586e45ab3f12bcfb5e1a82e00933ecad09e6beb
  f/dentist_appointment/verify_whatsapp_webhook: 431df8e98ba2441db531cebf9b7c58d95378a06b10f7278100d4cf447beaa1c5
