version: v2
locks:
  f/dentist_appointment/check_calendar_availability: 1e608daa173d6506ef2ddcdd71ccf1d6e2db9c8aa3c5916c2805d98c83e89e5e
  f/dentist_appointment/create_calendar_event: 4dc478a0f714155d5838f674ec0c9c3bf9b47af88a6b37e94fac0ebb7a1030f8
  f/dentist_appointment/extract_appointment: d8ce69b3053844cea6a78d98c2ff5ffca9aae4ad12d803d52432e450647c0ef9
  f/dentist_appointment/generate_reply: e0a9268ab66a4427fbe747951130a8e57835d15c78e71c560d0c2a65ac2e69f5
  f/dentist_appointment/send_whatsapp: b3f35a0e55d723c9ed3874894586e45ab3f12bcfb5e1a82e00933ecad09e6beb
  f/dentist_appointment/verify_whatsapp_webhook: 6d857a39004c424c41c757bd478cfb5bae042023f6876c1cd26e896cde1bc999
